
Microsoft Visual Studio Solution File, Format Version 12.00
# Visual Studio Version 16
VisualStudioVersion = 16.0.30611.23
MinimumVisualStudioVersion = 10.0.40219.1
Project("{9A19103F-16F7-4668-BE54-9A1E7A4F7556}") = "RavePay.Payment", "RavePay.Payment\RavePay.Payment.csproj", "{142ECED3-C613-4DBF-B20D-7D1E3B127DF7}"
EndProject
Project("{FAE04EC0-301F-11D3-BF4B-00C04F79EFBC}") = "RavePay.Web", "RavePay.Web\RavePay.Web.csproj", "{3605DD19-7456-408C-A5F9-18320234AF3A}"
EndProject
Global
	GlobalSection(SolutionConfigurationPlatforms) = preSolution
		Debug|Any CPU = Debug|Any CPU
		Release|Any CPU = Release|Any CPU
	EndGlobalSection
	GlobalSection(ProjectConfigurationPlatforms) = postSolution
		{142ECED3-C613-4DBF-B20D-7D1E3B127DF7}.Debug|Any CPU.ActiveCfg = Debug|Any CPU
		{142ECED3-C613-4DBF-B20D-7D1E3B127DF7}.Debug|Any CPU.Build.0 = Debug|Any CPU
		{142ECED3-C613-4DBF-B20D-7D1E3B127DF7}.Release|Any CPU.ActiveCfg = Release|Any CPU
		{142ECED3-C613-4DBF-B20D-7D1E3B127DF7}.Release|Any CPU.Build.0 = Release|Any CPU
		{3605DD19-7456-408C-A5F9-18320234AF3A}.Debug|Any CPU.ActiveCfg = Debug|Any CPU
		{3605DD19-7456-408C-A5F9-18320234AF3A}.Debug|Any CPU.Build.0 = Debug|Any CPU
		{3605DD19-7456-408C-A5F9-18320234AF3A}.Release|Any CPU.ActiveCfg = Release|Any CPU
		{3605DD19-7456-408C-A5F9-18320234AF3A}.Release|Any CPU.Build.0 = Release|Any CPU
	EndGlobalSection
	GlobalSection(SolutionProperties) = preSolution
		HideSolutionNode = FALSE
	EndGlobalSection
	GlobalSection(ExtensibilityGlobals) = postSolution
		SolutionGuid = {7C740EF2-D533-4FCB-ABC0-64398880B597}
	EndGlobalSection
EndGlobal
